{
    "_meta": {
        "hash": {
            "sha256": "76bcc42662125607ad04b7da6c9e25755821c99b6c37163229f5a8309e542614"
        },
        "pipfile-spec": 6,
        "requires": {
            "python_version": "3"
        },
        "sources": [
            {
                "name": "pypi",
                "url": "https://pypi.org/simple",
                "verify_ssl": true
            }
        ]
    },
    "default": {
        "gitcommitlogger": {
            "hashes": [
                "sha256:3badf5db541d81cc3473882d9d255dabc66cd413e780ccb4fe6b320afddedcd0",
                "sha256:7bafd58d46441b8c01b0f5706e7242df0ff841b3f87a7f621979577758546869"
            ],
            "index": "pypi",
            "markers": "python_version >= '3.7'",
            "version": "==1.2.5"
        }
    },
    "develop": {}
}
