{
    "_meta": {
        "hash": {
            "sha256": "76bcc42662125607ad04b7da6c9e25755821c99b6c37163229f5a8309e542614"
        },
        "pipfile-spec": 6,
        "requires": {
            "python_version": "3"
        },
        "sources": [
            {
                "name": "pypi",
                "url": "https://pypi.org/simple",
                "verify_ssl": true
            }
        ]
    },
    "default": {
        "gitcommitlogger": {
            "hashes": [
                "sha256:c0986b168f23935037d1ed5a98fd3049e4e610563a3fcbfad44d6a726e35c3da",
                "sha256:c2cdb8977dc5367bc267a5b1ff51440d18679326415b4b33682aaf2546d6da0d"
            ],
            "index": "pypi",
            "markers": "python_version >= '3.7'",
            "version": "==1.2.4"
        }
    },
    "develop": {}
}
